
Microsoft Visual Studio Solution File, Format Version 12.00
# Visual Studio Version 17
VisualStudioVersion = 17.5.002.0
MinimumVisualStudioVersion = 10.0.40219.1
Project("{FAE04EC0-301F-11D3-BF4B-00C04F79EFBC}") = "ParkingAPI", "ParkingAPI\ParkingAPI.csproj", "{860F6643-EA6B-4813-8CD0-0D89BC037202}"
EndProject
Global
	GlobalSection(SolutionConfigurationPlatforms) = preSolution
		Debug|Any CPU = Debug|Any CPU
		Release|Any CPU = Release|Any CPU
	EndGlobalSection
	GlobalSection(ProjectConfigurationPlatforms) = postSolution
		{D94B322B-8EA7-4B48-9C69-2F7AF60FF52C}.Debug|Any CPU.ActiveCfg = Debug|Any CPU
		{D94B322B-8EA7-4B48-9C69-2F7AF60FF52C}.Debug|Any CPU.Build.0 = Debug|Any CPU
		{D94B322B-8EA7-4B48-9C69-2F7AF60FF52C}.Release|Any CPU.ActiveCfg = Release|Any CPU
		{D94B322B-8EA7-4B48-9C69-2F7AF60FF52C}.Release|Any CPU.Build.0 = Release|Any CPU
		{860F6643-EA6B-4813-8CD0-0D89BC037202}.Debug|Any CPU.ActiveCfg = Debug|Any CPU
		{860F6643-EA6B-4813-8CD0-0D89BC037202}.Debug|Any CPU.Build.0 = Debug|Any CPU
		{860F6643-EA6B-4813-8CD0-0D89BC037202}.Release|Any CPU.ActiveCfg = Release|Any CPU
		{860F6643-EA6B-4813-8CD0-0D89BC037202}.Release|Any CPU.Build.0 = Release|Any CPU
	EndGlobalSection
	GlobalSection(SolutionProperties) = preSolution
		HideSolutionNode = FALSE
	EndGlobalSection
	GlobalSection(ExtensibilityGlobals) = postSolution
		SolutionGuid = {355E07DB-01D5-4D29-A1DD-4A08C8F1439F}
	EndGlobalSection
EndGlobal
