{
  "name": "ParkingFrontend",
  "version": "1.0.0",
  "lockfileVersion": 1,
  "requires": true,
  "dependencies": {
    "@thednp/event-listener": {
      "version": "2.0.6",
      "resolved": "https://registry.npmjs.org/@thednp/event-listener/-/event-listener-2.0.6.tgz",
      "integrity": "sha512-6u55ydv4+2VHwHU8EJaJXa40QzZ7XOXVo74MMPnGCSzbl0q3yqHfQh8r0Sw/50rutHxecLVQBM/C9Fr0c+m+ew=="
    },
    "@thednp/shorty": {
      "version": "2.0.3",
      "resolved": "https://registry.npmjs.org/@thednp/shorty/-/shorty-2.0.3.tgz",
      "integrity": "sha512-ngKP9/wQxM6JPDFjO6ak8lSz38ZA6cIFQy3gZbZM3xgUqArBr+VG9aoSoLHHEuaObyd9q9Jq/T0Wez7qrck0Gw=="
    },
    "bootstrap": {
      "version": "5.3.3",
      "resolved": "https://registry.npmjs.org/bootstrap/-/bootstrap-5.3.3.tgz",
      "integrity": "sha512-8HLCdWgyoMguSO9o+aH+iuZ+aht+mzW0u3HIMzVu7Srrpv7EBBxTnrFlSCskwdY1+EOFQSm7uMJhNQHkdPcmjg=="
    },
    "bootstrap.native": {
      "version": "5.0.13",
      "resolved": "https://registry.npmjs.org/bootstrap.native/-/bootstrap.native-5.0.13.tgz",
      "integrity": "sha512-SiiTxaK3LjuOjPaXEnDBQNY3w0t28Qdx6I8drortuFg6Ch3q6cWoOxlFHThcGOPewziVarQAA4WPE00GFQmbWQ==",
      "requires": {
        "@thednp/event-listener": "^2.0.4",
        "@thednp/shorty": "^2.0.0"
      }
    },
    "fastbootstrap": {
      "version": "2.2.0",
      "resolved": "https://registry.npmjs.org/fastbootstrap/-/fastbootstrap-2.2.0.tgz",
      "integrity": "sha512-31bJ6OaNntrUSZB4BVlO8mBJB45d7A0AxHchvdJQjp9CCK6qGx3c+byjcDqXgExXkG2miL+NW97Q6K7SWwwGWg==",
      "requires": {
        "bootstrap": "^5.3.2",
        "bootstrap.native": "^5.0.11"
      }
    }
  }
}
